
Microsoft Visual Studio Solution File, Format Version 12.00
# Visual Studio Version 17
VisualStudioVersion = 17.11.35303.130
MinimumVisualStudioVersion = 10.0.40219.1
Project("{FAE04EC0-301F-11D3-BF4B-00C04F79EFBC}") = "ConsoleApp4", "ConsoleApp4.csproj", "{8B7AD57F-3CD4-481B-A05A-4F09C8544DD3}"
EndProject
Global
	GlobalSection(SolutionConfigurationPlatforms) = preSolution
		Debug|Any CPU = Debug|Any CPU
		Release|Any CPU = Release|Any CPU
	EndGlobalSection
	GlobalSection(ProjectConfigurationPlatforms) = postSolution
		{8B7AD57F-3CD4-481B-A05A-4F09C8544DD3}.Debug|Any CPU.ActiveCfg = Debug|Any CPU
		{8B7AD57F-3CD4-481B-A05A-4F09C8544DD3}.Debug|Any CPU.Build.0 = Debug|Any CPU
		{8B7AD57F-3CD4-481B-A05A-4F09C8544DD3}.Release|Any CPU.ActiveCfg = Release|Any CPU
		{8B7AD57F-3CD4-481B-A05A-4F09C8544DD3}.Release|Any CPU.Build.0 = Release|Any CPU
	EndGlobalSection
	GlobalSection(SolutionProperties) = preSolution
		HideSolutionNode = FALSE
	EndGlobalSection
	GlobalSection(ExtensibilityGlobals) = postSolution
		SolutionGuid = {E6E8CB1D-A030-4179-88AB-A728543B125C}
	EndGlobalSection
EndGlobal
